{
  "name": "panteao-bdi",
  "version": "1.0.0",
  "lockfileVersion": 3,
  "requires": true,
  "packages": {
    "": {
      "name": "panteao-bdi",
      "version": "1.0.0",
      "dependencies": {
        "panteao-js": "^1.1.3"
      },
      "bin": {
        "panteao": "bin/panteao.js"
      }
    },
    "node_modules/panteao-engine-darwin-arm64": {
      "version": "1.1.2",
      "resolved": "https://registry.npmjs.org/panteao-engine-darwin-arm64/-/panteao-engine-darwin-arm64-1.1.2.tgz",
      "integrity": "sha512-ZKAJOmCTloyUHlOPdtAcbo3Zuxcu6IUn0EDL/Wxpyom+aujaYfG2fX4FnCLfdZOORzHUpp17SMN7RZJVsuZs4Q==",
      "cpu": [
        "arm64"
      ],
      "license": "MIT",
      "optional": true,
      "os": [
        "darwin"
      ]
    },
    "node_modules/panteao-engine-darwin-x64": {
      "version": "1.1.2",
      "resolved": "https://registry.npmjs.org/panteao-engine-darwin-x64/-/panteao-engine-darwin-x64-1.1.2.tgz",
      "integrity": "sha512-BNMiPawr1ZowxSWSHtzpyoXjFY4ZQu0PxyG0fsj+gZb7qjNi/+fkZR64BUS5/+egcXio1Ho7COSuHOXFRiMP6Q==",
      "cpu": [
        "x64"
      ],
      "license": "MIT",
      "optional": true,
      "os": [
        "darwin"
      ]
    },
    "node_modules/panteao-engine-linux-x64": {
      "version": "1.1.2",
      "resolved": "https://registry.npmjs.org/panteao-engine-linux-x64/-/panteao-engine-linux-x64-1.1.2.tgz",
      "integrity": "sha512-pDObrm+yyCm3p63r5fTKIYKc6cEkMcbf3GAR+zAhe9WdNzyvLoQobgGnkyPOWyB4E4WQ+pfgq6T9MXotUQ8gIA==",
      "cpu": [
        "x64"
      ],
      "license": "MIT",
      "optional": true,
      "os": [
        "linux"
      ]
    },
    "node_modules/panteao-engine-win32-x64": {
      "version": "1.1.2",
      "resolved": "https://registry.npmjs.org/panteao-engine-win32-x64/-/panteao-engine-win32-x64-1.1.2.tgz",
      "integrity": "sha512-mkU0507Gc996sXNDQamda5xp5dxZ5kz4u0OB+vrXSdLbhfMICSNSH7ARHIlntagYCd14mkO0BT+rrHS68mbawg==",
      "cpu": [
        "x64"
      ],
      "license": "MIT",
      "optional": true,
      "os": [
        "win32"
      ]
    },
    "node_modules/panteao-js": {
      "version": "1.1.3",
      "resolved": "https://registry.npmjs.org/panteao-js/-/panteao-js-1.1.3.tgz",
      "integrity": "sha512-sb2Dcf7tOIxu/T1poTtviBio9neezzMsdoJkh5gqr2X8qv1lGla+/WU4j2wLU7QOrWsw0EI+vbaNlmrrTUJbvA==",
      "license": "MIT",
      "optionalDependencies": {
        "panteao-engine-darwin-arm64": "^1.0.0",
        "panteao-engine-darwin-x64": "^1.0.0",
        "panteao-engine-linux-x64": "^1.0.0",
        "panteao-engine-win32-x64": "^1.0.0"
      }
    }
  }
}
