{
  "name": "typescript-panteao",
  "version": "1.0.0",
  "lockfileVersion": 3,
  "requires": true,
  "packages": {
    "": {
      "name": "typescript-panteao",
      "version": "1.0.0",
      "license": "MIT",
      "dependencies": {
        "panteao-ts": "file:../../../sdk/typescript"
      }
    },
    "../../../sdk/typescript": {
      "name": "panteao-ts",
      "version": "1.0.0",
      "license": "MIT",
      "devDependencies": {
        "@types/node": "^20.0.0",
        "typescript": "^5.0.0"
      },
      "optionalDependencies": {
        "panteao-engine-darwin-arm64": "^1.0.0",
        "panteao-engine-darwin-x64": "^1.0.0",
        "panteao-engine-linux-x64": "^1.0.0",
        "panteao-engine-win32-x64": "^1.0.0"
      }
    },
    "node_modules/panteao-ts": {
      "resolved": "../../../sdk/typescript",
      "link": true
    }
  }
}
